
Microsoft Visual Studio Solution File, Format Version 12.00
# Visual Studio Version 17
VisualStudioVersion = 17.6.33829.357
MinimumVisualStudioVersion = 10.0.40219.1
Project("{FAE04EC0-301F-11D3-BF4B-00C04F79EFBC}") = "Project-5", "Project-5\Project-5.csproj", "{5756E6CF-9B37-4F5D-8BC3-26F991763790}"
EndProject
Global
	GlobalSection(SolutionConfigurationPlatforms) = preSolution
		Debug|Any CPU = Debug|Any CPU
		Release|Any CPU = Release|Any CPU
	EndGlobalSection
	GlobalSection(ProjectConfigurationPlatforms) = postSolution
		{5756E6CF-9B37-4F5D-8BC3-26F991763790}.Debug|Any CPU.ActiveCfg = Debug|Any CPU
		{5756E6CF-9B37-4F5D-8BC3-26F991763790}.Debug|Any CPU.Build.0 = Debug|Any CPU
		{5756E6CF-9B37-4F5D-8BC3-26F991763790}.Release|Any CPU.ActiveCfg = Release|Any CPU
		{5756E6CF-9B37-4F5D-8BC3-26F991763790}.Release|Any CPU.Build.0 = Release|Any CPU
	EndGlobalSection
	GlobalSection(SolutionProperties) = preSolution
		HideSolutionNode = FALSE
	EndGlobalSection
	GlobalSection(ExtensibilityGlobals) = postSolution
		SolutionGuid = {3A1D7788-CFEF-4373-AE42-AEC0B0605F93}
	EndGlobalSection
EndGlobal
